
Microsoft Visual Studio Solution File, Format Version 12.00
# Visual Studio 15
VisualStudioVersion = 15.0.28010.2048
MinimumVisualStudioVersion = 10.0.40219.1
Project("{FAE04EC0-301F-11D3-BF4B-00C04F79EFBC}") = "ZmW-FinancialPortal", "ZmW-FinancialPortal\ZmW-FinancialPortal.csproj", "{971CC91E-35C8-402B-B2A1-8298D8F4EC0E}"
EndProject
Global
	GlobalSection(SolutionConfigurationPlatforms) = preSolution
		Debug|Any CPU = Debug|Any CPU
		Release|Any CPU = Release|Any CPU
	EndGlobalSection
	GlobalSection(ProjectConfigurationPlatforms) = postSolution
		{971CC91E-35C8-402B-B2A1-8298D8F4EC0E}.Debug|Any CPU.ActiveCfg = Debug|Any CPU
		{971CC91E-35C8-402B-B2A1-8298D8F4EC0E}.Debug|Any CPU.Build.0 = Debug|Any CPU
		{971CC91E-35C8-402B-B2A1-8298D8F4EC0E}.Release|Any CPU.ActiveCfg = Release|Any CPU
		{971CC91E-35C8-402B-B2A1-8298D8F4EC0E}.Release|Any CPU.Build.0 = Release|Any CPU
	EndGlobalSection
	GlobalSection(SolutionProperties) = preSolution
		HideSolutionNode = FALSE
	EndGlobalSection
	GlobalSection(ExtensibilityGlobals) = postSolution
		SolutionGuid = {D36AD227-A064-4B6B-8415-BD01B54FA66E}
	EndGlobalSection
EndGlobal
